{
  "name": "license-risky",
  "lockfileVersion": 3,
  "packages": {
    "": {
      "name": "license-risky",
      "version": "0.1.0"
    },
    "node_modules/unknown-lib": {
      "version": "2.0.0",
      "license": "UNKNOWN"
    },
    "node_modules/gpl-lib": {
      "version": "3.0.0",
      "license": "GPL-3.0"
    },
    "node_modules/agpl-lib": {
      "version": "4.0.0",
      "license": "AGPL-3.0"
    }
  }
}
